PODS:
  - Flutter (1.0.0)
  - flutter_integrate_module (0.0.1):
    - Flutter
  - FlutterPluginRegistrant (0.0.1):
    - Flutter

DEPENDENCIES:
  - Flutter (from `../flutter_integrate_module/.ios/Flutter/engine`)
  - flutter_integrate_module (from `../flutter_integrate_module/.ios/Flutter`)
  - FlutterPluginRegistrant (from `../flutter_integrate_module/.ios/Flutter/FlutterPluginRegistrant`)

EXTERNAL SOURCES:
  Flutter:
    :path: "../flutter_integrate_module/.ios/Flutter/engine"
  flutter_integrate_module:
    :path: "../flutter_integrate_module/.ios/Flutter"
  FlutterPluginRegistrant:
    :path: "../flutter_integrate_module/.ios/Flutter/FlutterPluginRegistrant"

SPEC CHECKSUMS:
  Flutter: bdfa2e8fe0e2880a2c6a58a0b1a8675c262a07af
  flutter_integrate_module: c099bdcaee449db235a8d2bf25c2a2574e661ca6
  FlutterPluginRegistrant: 2afd5ea46d3a949472c9b7da6462d8fbf7d8b16e

PODFILE CHECKSUM: a435ad0509603502e0c66da6b831e265c0c9936a

COCOAPODS: 1.11.2
